// !$*UTF8*$!
{
	archiveVersion = 1;
	classes = {
	};
	objectVersion = 56;
	objects = {

/* Begin PBXBuildFile section */
		574E9CDA2BDBAAD300A97CFE /* PhotoViewController.swift in Sources */ = {isa = PBXBuildFile; fileRef = 574E9CD92BDBAAD300A97CFE /* PhotoViewController.swift */; };
		574E9CDC2BDBAB2F00A97CFE /* PhotoPlaceCollectionViewCell.swift in Sources */ = {isa = PBXBuildFile; fileRef = 574E9CDB2BDBAB2F00A97CFE /* PhotoPlaceCollectionViewCell.swift */; };
		574E9CDE2BDBAB6100A97CFE /* PhotosCollectionReusableView.swift in Sources */ = {isa = PBXBuildFile; fileRef = 574E9CDD2BDBAB6100A97CFE /* PhotosCollectionReusableView.swift */; };
		576108A22BD95A3C004B6974 /* AppDelegate.swift in Sources */ = {isa = PBXBuildFile; fileRef = 576108A12BD95A3C004B6974 /* AppDelegate.swift */; };
		576108A42BD95A3C004B6974 /* SceneDelegate.swift in Sources */ = {isa = PBXBuildFile; fileRef = 576108A32BD95A3C004B6974 /* SceneDelegate.swift */; };
		576108A62BD95A3C004B6974 /* PlantsViewController.swift in Sources */ = {isa = PBXBuildFile; fileRef = 576108A52BD95A3C004B6974 /* PlantsViewController.swift */; };
		576108A92BD95A3C004B6974 /* Base in Resources */ = {isa = PBXBuildFile; fileRef = 576108A82BD95A3C004B6974 /* Base */; };
		576108AB2BD95A3E004B6974 /* Assets.xcassets in Resources */ = {isa = PBXBuildFile; fileRef = 576108AA2BD95A3E004B6974 /* Assets.xcassets */; };
		576108AE2BD95A3E004B6974 /* Base in Resources */ = {isa = PBXBuildFile; fileRef = 576108AD2BD95A3E004B6974 /* Base */; };
		576108B62BD960F6004B6974 /* PlantCollectionViewCell.swift in Sources */ = {isa = PBXBuildFile; fileRef = 576108B52BD960F6004B6974 /* PlantCollectionViewCell.swift */; };
		576108B82BD97584004B6974 /* HomeViewController.swift in Sources */ = {isa = PBXBuildFile; fileRef = 576108B72BD97584004B6974 /* HomeViewController.swift */; };
		576108BA2BD975C3004B6974 /* HomeCollectionViewCell.swift in Sources */ = {isa = PBXBuildFile; fileRef = 576108B92BD975C3004B6974 /* HomeCollectionViewCell.swift */; };
		57ABB4232BDE407D00CF15A9 /* ProductsViewController.swift in Sources */ = {isa = PBXBuildFile; fileRef = 57ABB4222BDE407D00CF15A9 /* ProductsViewController.swift */; };
		57ABB4252BDE409800CF15A9 /* ProductsTableViewCell.swift in Sources */ = {isa = PBXBuildFile; fileRef = 57ABB4242BDE409800CF15A9 /* ProductsTableViewCell.swift */; };
		57ABB4272BDE40C600CF15A9 /* ProductsCollectionViewCell.swift in Sources */ = {isa = PBXBuildFile; fileRef = 57ABB4262BDE40C600CF15A9 /* ProductsCollectionViewCell.swift */; };
/* End PBXBuildFile section */

/* Begin PBXFileReference section */
		574E9CD92BDBAAD300A97CFE /* PhotoViewController.swift */ = {isa = PBXFileReference; lastKnownFileType = sourcecode.swift; path = PhotoViewController.swift; sourceTree = "<group>"; };
		574E9CDB2BDBAB2F00A97CFE /* PhotoPlaceCollectionViewCell.swift */ = {isa = PBXFileReference; lastKnownFileType = sourcecode.swift; path = PhotoPlaceCollectionViewCell.swift; sourceTree = "<group>"; };
		574E9CDD2BDBAB6100A97CFE /* PhotosCollectionReusableView.swift */ = {isa = PBXFileReference; lastKnownFileType = sourcecode.swift; path = PhotosCollectionReusableView.swift; sourceTree = "<group>"; };
		5761089E2BD95A3C004B6974 /* UICollectionView.app */ = {isa = PBXFileReference; explicitFileType = wrapper.application; includeInIndex = 0; path = UICollectionView.app; sourceTree = BUILT_PRODUCTS_DIR; };
		576108A12BD95A3C004B6974 /* AppDelegate.swift */ = {isa = PBXFileReference; lastKnownFileType = sourcecode.swift; path = AppDelegate.swift; sourceTree = "<group>"; };
		576108A32BD95A3C004B6974 /* SceneDelegate.swift */ = {isa = PBXFileReference; lastKnownFileType = sourcecode.swift; path = SceneDelegate.swift; sourceTree = "<group>"; };
		576108A52BD95A3C004B6974 /* PlantsViewController.swift */ = {isa = PBXFileReference; lastKnownFileType = sourcecode.swift; path = PlantsViewController.swift; sourceTree = "<group>"; };
		576108A82BD95A3C004B6974 /* Base */ = {isa = PBXFileReference; lastKnownFileType = file.storyboard; name = Base; path = Base.lproj/Main.storyboard; sourceTree = "<group>"; };
		576108AA2BD95A3E004B6974 /* Assets.xcassets */ = {isa = PBXFileReference; lastKnownFileType = folder.assetcatalog; path = Assets.xcassets; sourceTree = "<group>"; };
		576108AD2BD95A3E004B6974 /* Base */ = {isa = PBXFileReference; lastKnownFileType = file.storyboard; name = Base; path = Base.lproj/LaunchScreen.storyboard; sourceTree = "<group>"; };
		576108AF2BD95A3E004B6974 /* Info.plist */ = {isa = PBXFileReference; lastKnownFileType = text.plist.xml; path = Info.plist; sourceTree = "<group>"; };
		576108B52BD960F6004B6974 /* PlantCollectionViewCell.swift */ = {isa = PBXFileReference; lastKnownFileType = sourcecode.swift; path = PlantCollectionViewCell.swift; sourceTree = "<group>"; };
		576108B72BD97584004B6974 /* HomeViewController.swift */ = {isa = PBXFileReference; lastKnownFileType = sourcecode.swift; path = HomeViewController.swift; sourceTree = "<group>"; };
		576108B92BD975C3004B6974 /* HomeCollectionViewCell.swift */ = {isa = PBXFileReference; lastKnownFileType = sourcecode.swift; path = HomeCollectionViewCell.swift; sourceTree = "<group>"; };
		57ABB4222BDE407D00CF15A9 /* ProductsViewController.swift */ = {isa = PBXFileReference; lastKnownFileType = sourcecode.swift; path = ProductsViewController.swift; sourceTree = "<group>"; };
		57ABB4242BDE409800CF15A9 /* ProductsTableViewCell.swift */ = {isa = PBXFileReference; lastKnownFileType = sourcecode.swift; path = ProductsTableViewCell.swift; sourceTree = "<group>"; };
		57ABB4262BDE40C600CF15A9 /* ProductsCollectionViewCell.swift */ = {isa = PBXFileReference; lastKnownFileType = sourcecode.swift; path = ProductsCollectionViewCell.swift; sourceTree = "<group>"; };
/* End PBXFileReference section */

/* Begin PBXFrameworksBuildPhase section */
		5761089B2BD95A3C004B6974 /* Frameworks */ = {
			isa = PBXFrameworksBuildPhase;
			buildActionMask = 2147483647;
			files = (
			);
			runOnlyForDeploymentPostprocessing = 0;
		};
/* End PBXFrameworksBuildPhase section */

/* Begin PBXGroup section */
		576108952BD95A3C004B6974 = {
			isa = PBXGroup;
			children = (
				576108A02BD95A3C004B6974 /* UICollectionView */,
				5761089F2BD95A3C004B6974 /* Products */,
			);
			sourceTree = "<group>";
		};
		5761089F2BD95A3C004B6974 /* Products */ = {
			isa = PBXGroup;
			children = (
				5761089E2BD95A3C004B6974 /* UICollectionView.app */,
			);
			name = Products;
			sourceTree = "<group>";
		};
		576108A02BD95A3C004B6974 /* UICollectionView */ = {
			isa = PBXGroup;
			children = (
				576108A12BD95A3C004B6974 /* AppDelegate.swift */,
				576108A32BD95A3C004B6974 /* SceneDelegate.swift */,
				57ABB4292BDE459600CF15A9 /* Photos */,
				57ABB4282BDE457400CF15A9 /* Products */,
				57ABB42A2BDE45AE00CF15A9 /* Home */,
				57ABB42B2BDE45F000CF15A9 /* Plants */,
				576108A72BD95A3C004B6974 /* Main.storyboard */,
				576108AA2BD95A3E004B6974 /* Assets.xcassets */,
				576108AC2BD95A3E004B6974 /* LaunchScreen.storyboard */,
				576108AF2BD95A3E004B6974 /* Info.plist */,
			);
			path = UICollectionView;
			sourceTree = "<group>";
		};
		57ABB4282BDE457400CF15A9 /* Products */ = {
			isa = PBXGroup;
			children = (
				57ABB4222BDE407D00CF15A9 /* ProductsViewController.swift */,
				57ABB4242BDE409800CF15A9 /* ProductsTableViewCell.swift */,
				57ABB4262BDE40C600CF15A9 /* ProductsCollectionViewCell.swift */,
			);
			path = Products;
			sourceTree = "<group>";
		};
		57ABB4292BDE459600CF15A9 /* Photos */ = {
			isa = PBXGroup;
			children = (
				574E9CD92BDBAAD300A97CFE /* PhotoViewController.swift */,
				574E9CDB2BDBAB2F00A97CFE /* PhotoPlaceCollectionViewCell.swift */,
				574E9CDD2BDBAB6100A97CFE /* PhotosCollectionReusableView.swift */,
			);
			path = Photos;
			sourceTree = "<group>";
		};
		57ABB42A2BDE45AE00CF15A9 /* Home */ = {
			isa = PBXGroup;
			children = (
				576108B72BD97584004B6974 /* HomeViewController.swift */,
				576108B92BD975C3004B6974 /* HomeCollectionViewCell.swift */,
			);
			path = Home;
			sourceTree = "<group>";
		};
		57ABB42B2BDE45F000CF15A9 /* Plants */ = {
			isa = PBXGroup;
			children = (
				576108A52BD95A3C004B6974 /* PlantsViewController.swift */,
				576108B52BD960F6004B6974 /* PlantCollectionViewCell.swift */,
			);
			path = Plants;
			sourceTree = "<group>";
		};
/* End PBXGroup section */

/* Begin PBXNativeTarget section */
		5761089D2BD95A3C004B6974 /* UICollectionView */ = {
			isa = PBXNativeTarget;
			buildConfigurationList = 576108B22BD95A3E004B6974 /* Build configuration list for PBXNativeTarget "UICollectionView" */;
			buildPhases = (
				5761089A2BD95A3C004B6974 /* Sources */,
				5761089B2BD95A3C004B6974 /* Frameworks */,
				5761089C2BD95A3C004B6974 /* Resources */,
			);
			buildRules = (
			);
			dependencies = (
			);
			name = UICollectionView;
			productName = UICollectionView;
			productReference = 5761089E2BD95A3C004B6974 /* UICollectionView.app */;
			productType = "com.apple.product-type.application";
		};
/* End PBXNativeTarget section */

/* Begin PBXProject section */
		576108962BD95A3C004B6974 /* Project object */ = {
			isa = PBXProject;
			attributes = {
				BuildIndependentTargetsInParallel = 1;
				LastSwiftUpdateCheck = 1530;
				LastUpgradeCheck = 1530;
				TargetAttributes = {
					5761089D2BD95A3C004B6974 = {
						CreatedOnToolsVersion = 15.3;
					};
				};
			};
			buildConfigurationList = 576108992BD95A3C004B6974 /* Build configuration list for PBXProject "UICollectionView" */;
			compatibilityVersion = "Xcode 14.0";
			developmentRegion = en;
			hasScannedForEncodings = 0;
			knownRegions = (
				en,
				Base,
			);
			mainGroup = 576108952BD95A3C004B6974;
			productRefGroup = 5761089F2BD95A3C004B6974 /* Products */;
			projectDirPath = "";
			projectRoot = "";
			targets = (
				5761089D2BD95A3C004B6974 /* UICollectionView */,
			);
		};
/* End PBXProject section */

/* Begin PBXResourcesBuildPhase section */
		5761089C2BD95A3C004B6974 /* Resources */ = {
			isa = PBXResourcesBuildPhase;
			buildActionMask = 2147483647;
			files = (
				576108AB2BD95A3E004B6974 /* Assets.xcassets in Resources */,
				576108AE2BD95A3E004B6974 /* Base in Resources */,
				576108A92BD95A3C004B6974 /* Base in Resources */,
			);
			runOnlyForDeploymentPostprocessing = 0;
		};
/* End PBXResourcesBuildPhase section */

/* Begin PBXSourcesBuildPhase section */
		5761089A2BD95A3C004B6974 /* Sources */ = {
			isa = PBXSourcesBuildPhase;
			buildActionMask = 2147483647;
			files = (
				57ABB4272BDE40C600CF15A9 /* ProductsCollectionViewCell.swift in Sources */,
				576108B82BD97584004B6974 /* HomeViewController.swift in Sources */,
				574E9CDC2BDBAB2F00A97CFE /* PhotoPlaceCollectionViewCell.swift in Sources */,
				576108A62BD95A3C004B6974 /* PlantsViewController.swift in Sources */,
				576108A22BD95A3C004B6974 /* AppDelegate.swift in Sources */,
				57ABB4232BDE407D00CF15A9 /* ProductsViewController.swift in Sources */,
				576108B62BD960F6004B6974 /* PlantCollectionViewCell.swift in Sources */,
				574E9CDE2BDBAB6100A97CFE /* PhotosCollectionReusableView.swift in Sources */,
				574E9CDA2BDBAAD300A97CFE /* PhotoViewController.swift in Sources */,
				57ABB4252BDE409800CF15A9 /* ProductsTableViewCell.swift in Sources */,
				576108A42BD95A3C004B6974 /* SceneDelegate.swift in Sources */,
				576108BA2BD975C3004B6974 /* HomeCollectionViewCell.swift in Sources */,
			);
			runOnlyForDeploymentPostprocessing = 0;
		};
/* End PBXSourcesBuildPhase section */

/* Begin PBXVariantGroup section */
		576108A72BD95A3C004B6974 /* Main.storyboard */ = {
			isa = PBXVariantGroup;
			children = (
				576108A82BD95A3C004B6974 /* Base */,
			);
			name = Main.storyboard;
			sourceTree = "<group>";
		};
		576108AC2BD95A3E004B6974 /* LaunchScreen.storyboard */ = {
			isa = PBXVariantGroup;
			children = (
				576108AD2BD95A3E004B6974 /* Base */,
			);
			name = LaunchScreen.storyboard;
			sourceTree = "<group>";
		};
/* End PBXVariantGroup section */

/* Begin XCBuildConfiguration section */
		576108B02BD95A3E004B6974 /* Debug */ = {
			isa = XCBuildConfiguration;
			buildSettings = {
				ALWAYS_SEARCH_USER_PATHS = NO;
				ASSETCATALOG_COMPILER_GENERATE_SWIFT_ASSET_SYMBOL_EXTENSIONS = YES;
				CLANG_ANALYZER_NONNULL = YES;
				CLANG_ANALYZER_NUMBER_OBJECT_CONVERSION = YES_AGGRESSIVE;
				CLANG_CXX_LANGUAGE_STANDARD = "gnu++20";
				CLANG_ENABLE_MODULES = YES;
				CLANG_ENABLE_OBJC_ARC = YES;
				CLANG_ENABLE_OBJC_WEAK = YES;
				CLANG_WARN_BLOCK_CAPTURE_AUTORELEASING = YES;
				CLANG_WARN_BOOL_CONVERSION = YES;
				CLANG_WARN_COMMA = YES;
				CLANG_WARN_CONSTANT_CONVERSION = YES;
				CLANG_WARN_DEPRECATED_OBJC_IMPLEMENTATIONS = YES;
				CLANG_WARN_DIRECT_OBJC_ISA_USAGE = YES_ERROR;
				CLANG_WARN_DOCUMENTATION_COMMENTS = YES;
				CLANG_WARN_EMPTY_BODY = YES;
				CLANG_WARN_ENUM_CONVERSION = YES;
				CLANG_WARN_INFINITE_RECURSION = YES;
				CLANG_WARN_INT_CONVERSION = YES;
				CLANG_WARN_NON_LITERAL_NULL_CONVERSION = YES;
				CLANG_WARN_OBJC_IMPLICIT_RETAIN_SELF = YES;
				CLANG_WARN_OBJC_LITERAL_CONVERSION = YES;
				CLANG_WARN_OBJC_ROOT_CLASS = YES_ERROR;
				CLANG_WARN_QUOTED_INCLUDE_IN_FRAMEWORK_HEADER = YES;
				CLANG_WARN_RANGE_LOOP_ANALYSIS = YES;
				CLANG_WARN_STRICT_PROTOTYPES = YES;
				CLANG_WARN_SUSPICIOUS_MOVE = YES;
				CLANG_WARN_UNGUARDED_AVAILABILITY = YES_AGGRESSIVE;
				CLANG_WARN_UNREACHABLE_CODE = YES;
				CLANG_WARN__DUPLICATE_METHOD_MATCH = YES;
				COPY_PHASE_STRIP = NO;
				DEBUG_INFORMATION_FORMAT = dwarf;
				ENABLE_STRICT_OBJC_MSGSEND = YES;
				ENABLE_TESTABILITY = YES;
				ENABLE_USER_SCRIPT_SANDBOXING = YES;
				GCC_C_LANGUAGE_STANDARD = gnu17;
				GCC_DYNAMIC_NO_PIC = NO;
				GCC_NO_COMMON_BLOCKS = YES;
				GCC_OPTIMIZATION_LEVEL = 0;
				GCC_PREPROCESSOR_DEFINITIONS = (
					"DEBUG=1",
					"$(inherited)",
				);
				GCC_WARN_64_TO_32_BIT_CONVERSION = YES;
				GCC_WARN_ABOUT_RETURN_TYPE = YES_ERROR;
				GCC_WARN_UNDECLARED_SELECTOR = YES;
				GCC_WARN_UNINITIALIZED_AUTOS = YES_AGGRESSIVE;
				GCC_WARN_UNUSED_FUNCTION = YES;
				GCC_WARN_UNUSED_VARIABLE = YES;
				IPHONEOS_DEPLOYMENT_TARGET = 17.4;
				LOCALIZATION_PREFERS_STRING_CATALOGS = YES;
				MTL_ENABLE_DEBUG_INFO = INCLUDE_SOURCE;
				MTL_FAST_MATH = YES;
				ONLY_ACTIVE_ARCH = YES;
				SDKROOT = iphoneos;
				SWIFT_ACTIVE_COMPILATION_CONDITIONS = "DEBUG $(inherited)";
				SWIFT_OPTIMIZATION_LEVEL = "-Onone";
			};
			name = Debug;
		};
		576108B12BD95A3E004B6974 /* Release */ = {
			isa = XCBuildConfiguration;
			buildSettings = {
				ALWAYS_SEARCH_USER_PATHS = NO;
				ASSETCATALOG_COMPILER_GENERATE_SWIFT_ASSET_SYMBOL_EXTENSIONS = YES;
				CLANG_ANALYZER_NONNULL = YES;
				CLANG_ANALYZER_NUMBER_OBJECT_CONVERSION = YES_AGGRESSIVE;
				CLANG_CXX_LANGUAGE_STANDARD = "gnu++20";
				CLANG_ENABLE_MODULES = YES;
				CLANG_ENABLE_OBJC_ARC = YES;
				CLANG_ENABLE_OBJC_WEAK = YES;
				CLANG_WARN_BLOCK_CAPTURE_AUTORELEASING = YES;
				CLANG_WARN_BOOL_CONVERSION = YES;
				CLANG_WARN_COMMA = YES;
				CLANG_WARN_CONSTANT_CONVERSION = YES;
				CLANG_WARN_DEPRECATED_OBJC_IMPLEMENTATIONS = YES;
				CLANG_WARN_DIRECT_OBJC_ISA_USAGE = YES_ERROR;
				CLANG_WARN_DOCUMENTATION_COMMENTS = YES;
				CLANG_WARN_EMPTY_BODY = YES;
				CLANG_WARN_ENUM_CONVERSION = YES;
				CLANG_WARN_INFINITE_RECURSION = YES;
				CLANG_WARN_INT_CONVERSION = YES;
				CLANG_WARN_NON_LITERAL_NULL_CONVERSION = YES;
				CLANG_WARN_OBJC_IMPLICIT_RETAIN_SELF = YES;
				CLANG_WARN_OBJC_LITERAL_CONVERSION = YES;
				CLANG_WARN_OBJC_ROOT_CLASS = YES_ERROR;
				CLANG_WARN_QUOTED_INCLUDE_IN_FRAMEWORK_HEADER = YES;
				CLANG_WARN_RANGE_LOOP_ANALYSIS = YES;
				CLANG_WARN_STRICT_PROTOTYPES = YES;
				CLANG_WARN_SUSPICIOUS_MOVE = YES;
				CLANG_WARN_UNGUARDED_AVAILABILITY = YES_AGGRESSIVE;
				CLANG_WARN_UNREACHABLE_CODE = YES;
				CLANG_WARN__DUPLICATE_METHOD_MATCH = YES;
				COPY_PHASE_STRIP = NO;
				DEBUG_INFORMATION_FORMAT = "dwarf-with-dsym";
				ENABLE_NS_ASSERTIONS = NO;
				ENABLE_STRICT_OBJC_MSGSEND = YES;
				ENABLE_USER_SCRIPT_SANDBOXING = YES;
				GCC_C_LANGUAGE_STANDARD = gnu17;
				GCC_NO_COMMON_BLOCKS = YES;
				GCC_WARN_64_TO_32_BIT_CONVERSION = YES;
				GCC_WARN_ABOUT_RETURN_TYPE = YES_ERROR;
				GCC_WARN_UNDECLARED_SELECTOR = YES;
				GCC_WARN_UNINITIALIZED_AUTOS = YES_AGGRESSIVE;
				GCC_WARN_UNUSED_FUNCTION = YES;
				GCC_WARN_UNUSED_VARIABLE = YES;
				IPHONEOS_DEPLOYMENT_TARGET = 17.4;
				LOCALIZATION_PREFERS_STRING_CATALOGS = YES;
				MTL_ENABLE_DEBUG_INFO = NO;
				MTL_FAST_MATH = YES;
				SDKROOT = iphoneos;
				SWIFT_COMPILATION_MODE = wholemodule;
				VALIDATE_PRODUCT = YES;
			};
			name = Release;
		};
		576108B32BD95A3E004B6974 /* Debug */ = {
			isa = XCBuildConfiguration;
			buildSettings = {
				ASSETCATALOG_COMPILER_APPICON_NAME = AppIcon;
				ASSETCATALOG_COMPILER_GLOBAL_ACCENT_COLOR_NAME = AccentColor;
				CODE_SIGN_STYLE = Automatic;
				CURRENT_PROJECT_VERSION = 1;
				DEVELOPMENT_TEAM = 5FZ8ZXZS35;
				GENERATE_INFOPLIST_FILE = YES;
				INFOPLIST_FILE = UICollectionView/Info.plist;
				INFOPLIST_KEY_UIApplicationSupportsIndirectInputEvents = YES;
				INFOPLIST_KEY_UILaunchStoryboardName = LaunchScreen;
				INFOPLIST_KEY_UIMainStoryboardFile = Main;
				INFOPLIST_KEY_UISupportedInterfaceOrientations_iPad = "UIInterfaceOrientationPortrait UIInterfaceOrientationPortraitUpsideDown UIInterfaceOrientationLandscapeLeft UIInterfaceOrientationLandscapeRight";
				INFOPLIST_KEY_UISupportedInterfaceOrientations_iPhone = "UIInterfaceOrientationPortrait UIInterfaceOrientationLandscapeLeft UIInterfaceOrientationLandscapeRight";
				LD_RUNPATH_SEARCH_PATHS = (
					"$(inherited)",
					"@executable_path/Frameworks",
				);
				MARKETING_VERSION = 1.0;
				PRODUCT_BUNDLE_IDENTIFIER = TLiLiOS.HAMDI.UICollectionView;
				PRODUCT_NAME = "$(TARGET_NAME)";
				SWIFT_EMIT_LOC_STRINGS = YES;
				SWIFT_VERSION = 5.0;
				TARGETED_DEVICE_FAMILY = "1,2";
			};
			name = Debug;
		};
		576108B42BD95A3E004B6974 /* Release */ = {
			isa = XCBuildConfiguration;
			buildSettings = {
				ASSETCATALOG_COMPILER_APPICON_NAME = AppIcon;
				ASSETCATALOG_COMPILER_GLOBAL_ACCENT_COLOR_NAME = AccentColor;
				CODE_SIGN_STYLE = Automatic;
				CURRENT_PROJECT_VERSION = 1;
				DEVELOPMENT_TEAM = 5FZ8ZXZS35;
				GENERATE_INFOPLIST_FILE = YES;
				INFOPLIST_FILE = UICollectionView/Info.plist;
				INFOPLIST_KEY_UIApplicationSupportsIndirectInputEvents = YES;
				INFOPLIST_KEY_UILaunchStoryboardName = LaunchScreen;
				INFOPLIST_KEY_UIMainStoryboardFile = Main;
				INFOPLIST_KEY_UISupportedInterfaceOrientations_iPad = "UIInterfaceOrientationPortrait UIInterfaceOrientationPortraitUpsideDown UIInterfaceOrientationLandscapeLeft UIInterfaceOrientationLandscapeRight";
				INFOPLIST_KEY_UISupportedInterfaceOrientations_iPhone = "UIInterfaceOrientationPortrait UIInterfaceOrientationLandscapeLeft UIInterfaceOrientationLandscapeRight";
				LD_RUNPATH_SEARCH_PATHS = (
					"$(inherited)",
					"@executable_path/Frameworks",
				);
				MARKETING_VERSION = 1.0;
				PRODUCT_BUNDLE_IDENTIFIER = TLiLiOS.HAMDI.UICollectionView;
				PRODUCT_NAME = "$(TARGET_NAME)";
				SWIFT_EMIT_LOC_STRINGS = YES;
				SWIFT_VERSION = 5.0;
				TARGETED_DEVICE_FAMILY = "1,2";
			};
			name = Release;
		};
/* End XCBuildConfiguration section */

/* Begin XCConfigurationList section */
		576108992BD95A3C004B6974 /* Build configuration list for PBXProject "UICollectionView" */ = {
			isa = XCConfigurationList;
			buildConfigurations = (
				576108B02BD95A3E004B6974 /* Debug */,
				576108B12BD95A3E004B6974 /* Release */,
			);
			defaultConfigurationIsVisible = 0;
			defaultConfigurationName = Release;
		};
		576108B22BD95A3E004B6974 /* Build configuration list for PBXNativeTarget "UICollectionView" */ = {
			isa = XCConfigurationList;
			buildConfigurations = (
				576108B32BD95A3E004B6974 /* Debug */,
				576108B42BD95A3E004B6974 /* Release */,
			);
			defaultConfigurationIsVisible = 0;
			defaultConfigurationName = Release;
		};
/* End XCConfigurationList section */
	};
	rootObject = 576108962BD95A3C004B6974 /* Project object */;
}
